
Microsoft Visual Studio Solution File, Format Version 12.00
# Visual Studio Version 17
VisualStudioVersion = 17.9.34701.34
MinimumVisualStudioVersion = 10.0.40219.1
Project("{FAE04EC0-301F-11D3-BF4B-00C04F79EFBC}") = "app_01", "app_01\app_01.csproj", "{0868026D-14EB-4836-AD88-2B00D7238B97}"
EndProject
Global
	GlobalSection(SolutionConfigurationPlatforms) = preSolution
		Debug|Any CPU = Debug|Any CPU
		Release|Any CPU = Release|Any CPU
	EndGlobalSection
	GlobalSection(ProjectConfigurationPlatforms) = postSolution
		{0868026D-14EB-4836-AD88-2B00D7238B97}.Debug|Any CPU.ActiveCfg = Debug|Any CPU
		{0868026D-14EB-4836-AD88-2B00D7238B97}.Debug|Any CPU.Build.0 = Debug|Any CPU
		{0868026D-14EB-4836-AD88-2B00D7238B97}.Release|Any CPU.ActiveCfg = Release|Any CPU
		{0868026D-14EB-4836-AD88-2B00D7238B97}.Release|Any CPU.Build.0 = Release|Any CPU
	EndGlobalSection
	GlobalSection(SolutionProperties) = preSolution
		HideSolutionNode = FALSE
	EndGlobalSection
	GlobalSection(ExtensibilityGlobals) = postSolution
		SolutionGuid = {9A11607C-E305-49F6-AC53-B236BEC2CF35}
	EndGlobalSection
EndGlobal
